
Microsoft Visual Studio Solution File, Format Version 12.00
# Visual Studio Version 17
VisualStudioVersion = 17.6.33723.286
MinimumVisualStudioVersion = 10.0.40219.1
Project("{FAE04EC0-301F-11D3-BF4B-00C04F79EFBC}") = "castingeconversao", "castingeconversao\castingeconversao.csproj", "{10A1AA56-417A-4BEC-8617-158934680AA2}"
EndProject
Global
	GlobalSection(SolutionConfigurationPlatforms) = preSolution
		Debug|Any CPU = Debug|Any CPU
		Release|Any CPU = Release|Any CPU
	EndGlobalSection
	GlobalSection(ProjectConfigurationPlatforms) = postSolution
		{10A1AA56-417A-4BEC-8617-158934680AA2}.Debug|Any CPU.ActiveCfg = Debug|Any CPU
		{10A1AA56-417A-4BEC-8617-158934680AA2}.Debug|Any CPU.Build.0 = Debug|Any CPU
		{10A1AA56-417A-4BEC-8617-158934680AA2}.Release|Any CPU.ActiveCfg = Release|Any CPU
		{10A1AA56-417A-4BEC-8617-158934680AA2}.Release|Any CPU.Build.0 = Release|Any CPU
	EndGlobalSection
	GlobalSection(SolutionProperties) = preSolution
		HideSolutionNode = FALSE
	EndGlobalSection
	GlobalSection(ExtensibilityGlobals) = postSolution
		SolutionGuid = {AACB34E3-863A-47EA-8178-A12424B9DFF2}
	EndGlobalSection
EndGlobal
