
Microsoft Visual Studio Solution File, Format Version 12.00
# Visual Studio Version 17
VisualStudioVersion = 17.6.33723.286
MinimumVisualStudioVersion = 10.0.40219.1
Project("{FAE04EC0-301F-11D3-BF4B-00C04F79EFBC}") = "C9_Record2", "C9_Record2\C9_Record2.csproj", "{5DE6FCB7-BF1E-41F9-84EE-52A7A60930F2}"
EndProject
Global
	GlobalSection(SolutionConfigurationPlatforms) = preSolution
		Debug|Any CPU = Debug|Any CPU
		Release|Any CPU = Release|Any CPU
	EndGlobalSection
	GlobalSection(ProjectConfigurationPlatforms) = postSolution
		{5DE6FCB7-BF1E-41F9-84EE-52A7A60930F2}.Debug|Any CPU.ActiveCfg = Debug|Any CPU
		{5DE6FCB7-BF1E-41F9-84EE-52A7A60930F2}.Debug|Any CPU.Build.0 = Debug|Any CPU
		{5DE6FCB7-BF1E-41F9-84EE-52A7A60930F2}.Release|Any CPU.ActiveCfg = Release|Any CPU
		{5DE6FCB7-BF1E-41F9-84EE-52A7A60930F2}.Release|Any CPU.Build.0 = Release|Any CPU
	EndGlobalSection
	GlobalSection(SolutionProperties) = preSolution
		HideSolutionNode = FALSE
	EndGlobalSection
	GlobalSection(ExtensibilityGlobals) = postSolution
		SolutionGuid = {294352C7-B55C-444B-9182-707536D684AF}
	EndGlobalSection
EndGlobal
