
Microsoft Visual Studio Solution File, Format Version 12.00
# Visual Studio Version 17
VisualStudioVersion = 17.6.33723.286
MinimumVisualStudioVersion = 10.0.40219.1
Project("{FAE04EC0-301F-11D3-BF4B-00C04F79EFBC}") = "ExercicioLogico2", "ExercicioLogico2\ExercicioLogico2.csproj", "{AB0AFAC9-F44F-4AB0-A159-DE0AEA7BE6FE}"
EndProject
Global
	GlobalSection(SolutionConfigurationPlatforms) = preSolution
		Debug|Any CPU = Debug|Any CPU
		Release|Any CPU = Release|Any CPU
	EndGlobalSection
	GlobalSection(ProjectConfigurationPlatforms) = postSolution
		{AB0AFAC9-F44F-4AB0-A159-DE0AEA7BE6FE}.Debug|Any CPU.ActiveCfg = Debug|Any CPU
		{AB0AFAC9-F44F-4AB0-A159-DE0AEA7BE6FE}.Debug|Any CPU.Build.0 = Debug|Any CPU
		{AB0AFAC9-F44F-4AB0-A159-DE0AEA7BE6FE}.Release|Any CPU.ActiveCfg = Release|Any CPU
		{AB0AFAC9-F44F-4AB0-A159-DE0AEA7BE6FE}.Release|Any CPU.Build.0 = Release|Any CPU
	EndGlobalSection
	GlobalSection(SolutionProperties) = preSolution
		HideSolutionNode = FALSE
	EndGlobalSection
	GlobalSection(ExtensibilityGlobals) = postSolution
		SolutionGuid = {C5ACBA8A-C56A-4DB0-9741-4CF7A57D76C9}
	EndGlobalSection
EndGlobal
