
Microsoft Visual Studio Solution File, Format Version 12.00
# Visual Studio Version 17
VisualStudioVersion = 17.6.33723.286
MinimumVisualStudioVersion = 10.0.40219.1
Project("{FAE04EC0-301F-11D3-BF4B-00C04F79EFBC}") = "C9_Records", "C9_Records\C9_Records.csproj", "{2E0FE8E9-CE02-466C-AC1D-2BEE07CC4293}"
EndProject
Global
	GlobalSection(SolutionConfigurationPlatforms) = preSolution
		Debug|Any CPU = Debug|Any CPU
		Release|Any CPU = Release|Any CPU
	EndGlobalSection
	GlobalSection(ProjectConfigurationPlatforms) = postSolution
		{2E0FE8E9-CE02-466C-AC1D-2BEE07CC4293}.Debug|Any CPU.ActiveCfg = Debug|Any CPU
		{2E0FE8E9-CE02-466C-AC1D-2BEE07CC4293}.Debug|Any CPU.Build.0 = Debug|Any CPU
		{2E0FE8E9-CE02-466C-AC1D-2BEE07CC4293}.Release|Any CPU.ActiveCfg = Release|Any CPU
		{2E0FE8E9-CE02-466C-AC1D-2BEE07CC4293}.Release|Any CPU.Build.0 = Release|Any CPU
	EndGlobalSection
	GlobalSection(SolutionProperties) = preSolution
		HideSolutionNode = FALSE
	EndGlobalSection
	GlobalSection(ExtensibilityGlobals) = postSolution
		SolutionGuid = {B6A0A23D-937F-422E-894E-34813DE652D2}
	EndGlobalSection
EndGlobal
