
Microsoft Visual Studio Solution File, Format Version 12.00
# Visual Studio Version 17
VisualStudioVersion = 17.6.33723.286
MinimumVisualStudioVersion = 10.0.40219.1
Project("{FAE04EC0-301F-11D3-BF4B-00C04F79EFBC}") = "operadoresAritmeticos", "operadoresAritmeticos\operadoresAritmeticos.csproj", "{962A22FB-360F-4B03-B1BE-018BA75794DA}"
EndProject
Global
	GlobalSection(SolutionConfigurationPlatforms) = preSolution
		Debug|Any CPU = Debug|Any CPU
		Release|Any CPU = Release|Any CPU
	EndGlobalSection
	GlobalSection(ProjectConfigurationPlatforms) = postSolution
		{962A22FB-360F-4B03-B1BE-018BA75794DA}.Debug|Any CPU.ActiveCfg = Debug|Any CPU
		{962A22FB-360F-4B03-B1BE-018BA75794DA}.Debug|Any CPU.Build.0 = Debug|Any CPU
		{962A22FB-360F-4B03-B1BE-018BA75794DA}.Release|Any CPU.ActiveCfg = Release|Any CPU
		{962A22FB-360F-4B03-B1BE-018BA75794DA}.Release|Any CPU.Build.0 = Release|Any CPU
	EndGlobalSection
	GlobalSection(SolutionProperties) = preSolution
		HideSolutionNode = FALSE
	EndGlobalSection
	GlobalSection(ExtensibilityGlobals) = postSolution
		SolutionGuid = {CEF1470D-CE37-47AD-8F81-14623BC58401}
	EndGlobalSection
EndGlobal
