
Microsoft Visual Studio Solution File, Format Version 12.00
# Visual Studio Version 17
VisualStudioVersion = 17.6.33723.286
MinimumVisualStudioVersion = 10.0.40219.1
Project("{FAE04EC0-301F-11D3-BF4B-00C04F79EFBC}") = "PrimeiroProjeto", "PrimeiroProjeto\PrimeiroProjeto.csproj", "{3C1B42ED-6D31-4B3D-B084-C7E911A2DA6F}"
EndProject
Global
	GlobalSection(SolutionConfigurationPlatforms) = preSolution
		Debug|Any CPU = Debug|Any CPU
		Release|Any CPU = Release|Any CPU
	EndGlobalSection
	GlobalSection(ProjectConfigurationPlatforms) = postSolution
		{3C1B42ED-6D31-4B3D-B084-C7E911A2DA6F}.Debug|Any CPU.ActiveCfg = Debug|Any CPU
		{3C1B42ED-6D31-4B3D-B084-C7E911A2DA6F}.Debug|Any CPU.Build.0 = Debug|Any CPU
		{3C1B42ED-6D31-4B3D-B084-C7E911A2DA6F}.Release|Any CPU.ActiveCfg = Release|Any CPU
		{3C1B42ED-6D31-4B3D-B084-C7E911A2DA6F}.Release|Any CPU.Build.0 = Release|Any CPU
	EndGlobalSection
	GlobalSection(SolutionProperties) = preSolution
		HideSolutionNode = FALSE
	EndGlobalSection
	GlobalSection(ExtensibilityGlobals) = postSolution
		SolutionGuid = {62152810-43EE-443B-B547-258912967EF4}
	EndGlobalSection
EndGlobal
